// !$*UTF8*$!
{
	archiveVersion = 1;
	classes = {
	};
	objectVersion = 56;
	objects = {

/* Begin PBXBuildFile section */
		CC28C00129BEC2C50017A13E /* WeatherView.swift in Sources */ = {isa = PBXBuildFile; fileRef = CC28C00029BEC2C50017A13E /* WeatherView.swift */; };
		CC28C00429BEC34C0017A13E /* ModelData.swift in Sources */ = {isa = PBXBuildFile; fileRef = CC28C00329BEC34C0017A13E /* ModelData.swift */; };
		CC28C00629BEC5880017A13E /* weatherData.json in Resources */ = {isa = PBXBuildFile; fileRef = CC28C00529BEC5880017A13E /* weatherData.json */; };
		CC28C00829BEC9080017A13E /* Extensions.swift in Sources */ = {isa = PBXBuildFile; fileRef = CC28C00729BEC9080017A13E /* Extensions.swift */; };
		CC28C00B29BED4560017A13E /* WeatherRow.swift in Sources */ = {isa = PBXBuildFile; fileRef = CC28C00A29BED4560017A13E /* WeatherRow.swift */; };
		CC8B522829BDFFD4009F8B23 /* Weather_appApp.swift in Sources */ = {isa = PBXBuildFile; fileRef = CC8B522729BDFFD4009F8B23 /* Weather_appApp.swift */; };
		CC8B522A29BDFFD4009F8B23 /* ContentView.swift in Sources */ = {isa = PBXBuildFile; fileRef = CC8B522929BDFFD4009F8B23 /* ContentView.swift */; };
		CC8B522C29BDFFD7009F8B23 /* Assets.xcassets in Resources */ = {isa = PBXBuildFile; fileRef = CC8B522B29BDFFD7009F8B23 /* Assets.xcassets */; };
		CC8B522F29BDFFD7009F8B23 /* Preview Assets.xcassets in Resources */ = {isa = PBXBuildFile; fileRef = CC8B522E29BDFFD7009F8B23 /* Preview Assets.xcassets */; };
		CC8B523729BE05DF009F8B23 /* LocationManager.swift in Sources */ = {isa = PBXBuildFile; fileRef = CC8B523629BE05DF009F8B23 /* LocationManager.swift */; };
		CC8B523A29BE099D009F8B23 /* WelcomeView.swift in Sources */ = {isa = PBXBuildFile; fileRef = CC8B523929BE099D009F8B23 /* WelcomeView.swift */; };
		CC8B523C29BE0E6D009F8B23 /* LoadingView.swift in Sources */ = {isa = PBXBuildFile; fileRef = CC8B523B29BE0E6D009F8B23 /* LoadingView.swift */; };
		CC8B523E29BE11CB009F8B23 /* WeatherManager.swift in Sources */ = {isa = PBXBuildFile; fileRef = CC8B523D29BE11CB009F8B23 /* WeatherManager.swift */; };
/* End PBXBuildFile section */

/* Begin PBXFileReference section */
		CC28C00029BEC2C50017A13E /* WeatherView.swift */ = {isa = PBXFileReference; lastKnownFileType = sourcecode.swift; path = WeatherView.swift; sourceTree = "<group>"; };
		CC28C00329BEC34C0017A13E /* ModelData.swift */ = {isa = PBXFileReference; lastKnownFileType = sourcecode.swift; path = ModelData.swift; sourceTree = "<group>"; };
		CC28C00529BEC5880017A13E /* weatherData.json */ = {isa = PBXFileReference; lastKnownFileType = text.json; path = weatherData.json; sourceTree = "<group>"; };
		CC28C00729BEC9080017A13E /* Extensions.swift */ = {isa = PBXFileReference; lastKnownFileType = sourcecode.swift; path = Extensions.swift; sourceTree = "<group>"; };
		CC28C00A29BED4560017A13E /* WeatherRow.swift */ = {isa = PBXFileReference; lastKnownFileType = sourcecode.swift; path = WeatherRow.swift; sourceTree = "<group>"; };
		CC8B522429BDFFD4009F8B23 /* Weather_app.app */ = {isa = PBXFileReference; explicitFileType = wrapper.application; includeInIndex = 0; path = Weather_app.app; sourceTree = BUILT_PRODUCTS_DIR; };
		CC8B522729BDFFD4009F8B23 /* Weather_appApp.swift */ = {isa = PBXFileReference; lastKnownFileType = sourcecode.swift; path = Weather_appApp.swift; sourceTree = "<group>"; };
		CC8B522929BDFFD4009F8B23 /* ContentView.swift */ = {isa = PBXFileReference; lastKnownFileType = sourcecode.swift; path = ContentView.swift; sourceTree = "<group>"; };
		CC8B522B29BDFFD7009F8B23 /* Assets.xcassets */ = {isa = PBXFileReference; lastKnownFileType = folder.assetcatalog; path = Assets.xcassets; sourceTree = "<group>"; };
		CC8B522E29BDFFD7009F8B23 /* Preview Assets.xcassets */ = {isa = PBXFileReference; lastKnownFileType = folder.assetcatalog; path = "Preview Assets.xcassets"; sourceTree = "<group>"; };
		CC8B523629BE05DF009F8B23 /* LocationManager.swift */ = {isa = PBXFileReference; lastKnownFileType = sourcecode.swift; path = LocationManager.swift; sourceTree = "<group>"; };
		CC8B523929BE099D009F8B23 /* WelcomeView.swift */ = {isa = PBXFileReference; lastKnownFileType = sourcecode.swift; path = WelcomeView.swift; sourceTree = "<group>"; };
		CC8B523B29BE0E6D009F8B23 /* LoadingView.swift */ = {isa = PBXFileReference; lastKnownFileType = sourcecode.swift; path = LoadingView.swift; sourceTree = "<group>"; };
		CC8B523D29BE11CB009F8B23 /* WeatherManager.swift */ = {isa = PBXFileReference; lastKnownFileType = sourcecode.swift; path = WeatherManager.swift; sourceTree = "<group>"; };
/* End PBXFileReference section */

/* Begin PBXFrameworksBuildPhase section */
		CC8B522129BDFFD4009F8B23 /* Frameworks */ = {
			isa = PBXFrameworksBuildPhase;
			buildActionMask = 2147483647;
			files = (
			);
			runOnlyForDeploymentPostprocessing = 0;
		};
/* End PBXFrameworksBuildPhase section */

/* Begin PBXGroup section */
		CC28C00229BEC33F0017A13E /* Model */ = {
			isa = PBXGroup;
			children = (
				CC28C00329BEC34C0017A13E /* ModelData.swift */,
			);
			path = Model;
			sourceTree = "<group>";
		};
		CC28C00929BED4440017A13E /* Component */ = {
			isa = PBXGroup;
			children = (
				CC28C00A29BED4560017A13E /* WeatherRow.swift */,
			);
			path = Component;
			sourceTree = "<group>";
		};
		CC8B521B29BDFFD4009F8B23 = {
			isa = PBXGroup;
			children = (
				CC8B522629BDFFD4009F8B23 /* Weather_app */,
				CC8B522529BDFFD4009F8B23 /* Products */,
			);
			sourceTree = "<group>";
		};
		CC8B522529BDFFD4009F8B23 /* Products */ = {
			isa = PBXGroup;
			children = (
				CC8B522429BDFFD4009F8B23 /* Weather_app.app */,
			);
			name = Products;
			sourceTree = "<group>";
		};
		CC8B522629BDFFD4009F8B23 /* Weather_app */ = {
			isa = PBXGroup;
			children = (
				CC28C00929BED4440017A13E /* Component */,
				CC28C00229BEC33F0017A13E /* Model */,
				CC8B523829BE08B2009F8B23 /* Views */,
				CC8B523529BE05CC009F8B23 /* Manager */,
				CC8B522729BDFFD4009F8B23 /* Weather_appApp.swift */,
				CC8B522B29BDFFD7009F8B23 /* Assets.xcassets */,
				CC8B522D29BDFFD7009F8B23 /* Preview Content */,
				CC28C00529BEC5880017A13E /* weatherData.json */,
				CC28C00729BEC9080017A13E /* Extensions.swift */,
			);
			path = Weather_app;
			sourceTree = "<group>";
		};
		CC8B522D29BDFFD7009F8B23 /* Preview Content */ = {
			isa = PBXGroup;
			children = (
				CC8B522E29BDFFD7009F8B23 /* Preview Assets.xcassets */,
			);
			path = "Preview Content";
			sourceTree = "<group>";
		};
		CC8B523529BE05CC009F8B23 /* Manager */ = {
			isa = PBXGroup;
			children = (
				CC8B523629BE05DF009F8B23 /* LocationManager.swift */,
				CC8B523D29BE11CB009F8B23 /* WeatherManager.swift */,
			);
			path = Manager;
			sourceTree = "<group>";
		};
		CC8B523829BE08B2009F8B23 /* Views */ = {
			isa = PBXGroup;
			children = (
				CC8B522929BDFFD4009F8B23 /* ContentView.swift */,
				CC8B523929BE099D009F8B23 /* WelcomeView.swift */,
				CC8B523B29BE0E6D009F8B23 /* LoadingView.swift */,
				CC28C00029BEC2C50017A13E /* WeatherView.swift */,
			);
			path = Views;
			sourceTree = "<group>";
		};
/* End PBXGroup section */

/* Begin PBXNativeTarget section */
		CC8B522329BDFFD4009F8B23 /* Weather_app */ = {
			isa = PBXNativeTarget;
			buildConfigurationList = CC8B523229BDFFD7009F8B23 /* Build configuration list for PBXNativeTarget "Weather_app" */;
			buildPhases = (
				CC8B522029BDFFD4009F8B23 /* Sources */,
				CC8B522129BDFFD4009F8B23 /* Frameworks */,
				CC8B522229BDFFD4009F8B23 /* Resources */,
			);
			buildRules = (
			);
			dependencies = (
			);
			name = Weather_app;
			productName = Weather_app;
			productReference = CC8B522429BDFFD4009F8B23 /* Weather_app.app */;
			productType = "com.apple.product-type.application";
		};
/* End PBXNativeTarget section */

/* Begin PBXProject section */
		CC8B521C29BDFFD4009F8B23 /* Project object */ = {
			isa = PBXProject;
			attributes = {
				BuildIndependentTargetsInParallel = 1;
				LastSwiftUpdateCheck = 1420;
				LastUpgradeCheck = 1420;
				TargetAttributes = {
					CC8B522329BDFFD4009F8B23 = {
						CreatedOnToolsVersion = 14.2;
					};
				};
			};
			buildConfigurationList = CC8B521F29BDFFD4009F8B23 /* Build configuration list for PBXProject "Weather_app" */;
			compatibilityVersion = "Xcode 14.0";
			developmentRegion = en;
			hasScannedForEncodings = 0;
			knownRegions = (
				en,
				Base,
			);
			mainGroup = CC8B521B29BDFFD4009F8B23;
			productRefGroup = CC8B522529BDFFD4009F8B23 /* Products */;
			projectDirPath = "";
			projectRoot = "";
			targets = (
				CC8B522329BDFFD4009F8B23 /* Weather_app */,
			);
		};
/* End PBXProject section */

/* Begin PBXResourcesBuildPhase section */
		CC8B522229BDFFD4009F8B23 /* Resources */ = {
			isa = PBXResourcesBuildPhase;
			buildActionMask = 2147483647;
			files = (
				CC8B522F29BDFFD7009F8B23 /* Preview Assets.xcassets in Resources */,
				CC28C00629BEC5880017A13E /* weatherData.json in Resources */,
				CC8B522C29BDFFD7009F8B23 /* Assets.xcassets in Resources */,
			);
			runOnlyForDeploymentPostprocessing = 0;
		};
/* End PBXResourcesBuildPhase section */

/* Begin PBXSourcesBuildPhase section */
		CC8B522029BDFFD4009F8B23 /* Sources */ = {
			isa = PBXSourcesBuildPhase;
			buildActionMask = 2147483647;
			files = (
				CC8B523E29BE11CB009F8B23 /* WeatherManager.swift in Sources */,
				CC28C00829BEC9080017A13E /* Extensions.swift in Sources */,
				CC8B522A29BDFFD4009F8B23 /* ContentView.swift in Sources */,
				CC8B522829BDFFD4009F8B23 /* Weather_appApp.swift in Sources */,
				CC8B523729BE05DF009F8B23 /* LocationManager.swift in Sources */,
				CC28C00B29BED4560017A13E /* WeatherRow.swift in Sources */,
				CC8B523C29BE0E6D009F8B23 /* LoadingView.swift in Sources */,
				CC28C00429BEC34C0017A13E /* ModelData.swift in Sources */,
				CC28C00129BEC2C50017A13E /* WeatherView.swift in Sources */,
				CC8B523A29BE099D009F8B23 /* WelcomeView.swift in Sources */,
			);
			runOnlyForDeploymentPostprocessing = 0;
		};
/* End PBXSourcesBuildPhase section */

/* Begin XCBuildConfiguration section */
		CC8B523029BDFFD7009F8B23 /* Debug */ = {
			isa = XCBuildConfiguration;
			buildSettings = {
				ALWAYS_SEARCH_USER_PATHS = NO;
				CLANG_ANALYZER_NONNULL = YES;
				CLANG_ANALYZER_NUMBER_OBJECT_CONVERSION = YES_AGGRESSIVE;
				CLANG_CXX_LANGUAGE_STANDARD = "gnu++20";
				CLANG_ENABLE_MODULES = YES;
				CLANG_ENABLE_OBJC_ARC = YES;
				CLANG_ENABLE_OBJC_WEAK = YES;
				CLANG_WARN_BLOCK_CAPTURE_AUTORELEASING = YES;
				CLANG_WARN_BOOL_CONVERSION = YES;
				CLANG_WARN_COMMA = YES;
				CLANG_WARN_CONSTANT_CONVERSION = YES;
				CLANG_WARN_DEPRECATED_OBJC_IMPLEMENTATIONS = YES;
				CLANG_WARN_DIRECT_OBJC_ISA_USAGE = YES_ERROR;
				CLANG_WARN_DOCUMENTATION_COMMENTS = YES;
				CLANG_WARN_EMPTY_BODY = YES;
				CLANG_WARN_ENUM_CONVERSION = YES;
				CLANG_WARN_INFINITE_RECURSION = YES;
				CLANG_WARN_INT_CONVERSION = YES;
				CLANG_WARN_NON_LITERAL_NULL_CONVERSION = YES;
				CLANG_WARN_OBJC_IMPLICIT_RETAIN_SELF = YES;
				CLANG_WARN_OBJC_LITERAL_CONVERSION = YES;
				CLANG_WARN_OBJC_ROOT_CLASS = YES_ERROR;
				CLANG_WARN_QUOTED_INCLUDE_IN_FRAMEWORK_HEADER = YES;
				CLANG_WARN_RANGE_LOOP_ANALYSIS = YES;
				CLANG_WARN_STRICT_PROTOTYPES = YES;
				CLANG_WARN_SUSPICIOUS_MOVE = YES;
				CLANG_WARN_UNGUARDED_AVAILABILITY = YES_AGGRESSIVE;
				CLANG_WARN_UNREACHABLE_CODE = YES;
				CLANG_WARN__DUPLICATE_METHOD_MATCH = YES;
				COPY_PHASE_STRIP = NO;
				DEBUG_INFORMATION_FORMAT = dwarf;
				ENABLE_STRICT_OBJC_MSGSEND = YES;
				ENABLE_TESTABILITY = YES;
				GCC_C_LANGUAGE_STANDARD = gnu11;
				GCC_DYNAMIC_NO_PIC = NO;
				GCC_NO_COMMON_BLOCKS = YES;
				GCC_OPTIMIZATION_LEVEL = 0;
				GCC_PREPROCESSOR_DEFINITIONS = (
					"DEBUG=1",
					"$(inherited)",
				);
				GCC_WARN_64_TO_32_BIT_CONVERSION = YES;
				GCC_WARN_ABOUT_RETURN_TYPE = YES_ERROR;
				GCC_WARN_UNDECLARED_SELECTOR = YES;
				GCC_WARN_UNINITIALIZED_AUTOS = YES_AGGRESSIVE;
				GCC_WARN_UNUSED_FUNCTION = YES;
				GCC_WARN_UNUSED_VARIABLE = YES;
				IPHONEOS_DEPLOYMENT_TARGET = 16.2;
				MTL_ENABLE_DEBUG_INFO = INCLUDE_SOURCE;
				MTL_FAST_MATH = YES;
				ONLY_ACTIVE_ARCH = YES;
				SDKROOT = iphoneos;
				SWIFT_ACTIVE_COMPILATION_CONDITIONS = DEBUG;
				SWIFT_OPTIMIZATION_LEVEL = "-Onone";
			};
			name = Debug;
		};
		CC8B523129BDFFD7009F8B23 /* Release */ = {
			isa = XCBuildConfiguration;
			buildSettings = {
				ALWAYS_SEARCH_USER_PATHS = NO;
				CLANG_ANALYZER_NONNULL = YES;
				CLANG_ANALYZER_NUMBER_OBJECT_CONVERSION = YES_AGGRESSIVE;
				CLANG_CXX_LANGUAGE_STANDARD = "gnu++20";
				CLANG_ENABLE_MODULES = YES;
				CLANG_ENABLE_OBJC_ARC = YES;
				CLANG_ENABLE_OBJC_WEAK = YES;
				CLANG_WARN_BLOCK_CAPTURE_AUTORELEASING = YES;
				CLANG_WARN_BOOL_CONVERSION = YES;
				CLANG_WARN_COMMA = YES;
				CLANG_WARN_CONSTANT_CONVERSION = YES;
				CLANG_WARN_DEPRECATED_OBJC_IMPLEMENTATIONS = YES;
				CLANG_WARN_DIRECT_OBJC_ISA_USAGE = YES_ERROR;
				CLANG_WARN_DOCUMENTATION_COMMENTS = YES;
				CLANG_WARN_EMPTY_BODY = YES;
				CLANG_WARN_ENUM_CONVERSION = YES;
				CLANG_WARN_INFINITE_RECURSION = YES;
				CLANG_WARN_INT_CONVERSION = YES;
				CLANG_WARN_NON_LITERAL_NULL_CONVERSION = YES;
				CLANG_WARN_OBJC_IMPLICIT_RETAIN_SELF = YES;
				CLANG_WARN_OBJC_LITERAL_CONVERSION = YES;
				CLANG_WARN_OBJC_ROOT_CLASS = YES_ERROR;
				CLANG_WARN_QUOTED_INCLUDE_IN_FRAMEWORK_HEADER = YES;
				CLANG_WARN_RANGE_LOOP_ANALYSIS = YES;
				CLANG_WARN_STRICT_PROTOTYPES = YES;
				CLANG_WARN_SUSPICIOUS_MOVE = YES;
				CLANG_WARN_UNGUARDED_AVAILABILITY = YES_AGGRESSIVE;
				CLANG_WARN_UNREACHABLE_CODE = YES;
				CLANG_WARN__DUPLICATE_METHOD_MATCH = YES;
				COPY_PHASE_STRIP = NO;
				DEBUG_INFORMATION_FORMAT = "dwarf-with-dsym";
				ENABLE_NS_ASSERTIONS = NO;
				ENABLE_STRICT_OBJC_MSGSEND = YES;
				GCC_C_LANGUAGE_STANDARD = gnu11;
				GCC_NO_COMMON_BLOCKS = YES;
				GCC_WARN_64_TO_32_BIT_CONVERSION = YES;
				GCC_WARN_ABOUT_RETURN_TYPE = YES_ERROR;
				GCC_WARN_UNDECLARED_SELECTOR = YES;
				GCC_WARN_UNINITIALIZED_AUTOS = YES_AGGRESSIVE;
				GCC_WARN_UNUSED_FUNCTION = YES;
				GCC_WARN_UNUSED_VARIABLE = YES;
				IPHONEOS_DEPLOYMENT_TARGET = 16.2;
				MTL_ENABLE_DEBUG_INFO = NO;
				MTL_FAST_MATH = YES;
				SDKROOT = iphoneos;
				SWIFT_COMPILATION_MODE = wholemodule;
				SWIFT_OPTIMIZATION_LEVEL = "-O";
				VALIDATE_PRODUCT = YES;
			};
			name = Release;
		};
		CC8B523329BDFFD7009F8B23 /* Debug */ = {
			isa = XCBuildConfiguration;
			buildSettings = {
				ASSETCATALOG_COMPILER_APPICON_NAME = AppIcon;
				ASSETCATALOG_COMPILER_GLOBAL_ACCENT_COLOR_NAME = AccentColor;
				CODE_SIGN_STYLE = Automatic;
				CURRENT_PROJECT_VERSION = 1;
				DEVELOPMENT_ASSET_PATHS = "\"Weather_app/Preview Content\"";
				DEVELOPMENT_TEAM = K7G887M8LC;
				ENABLE_PREVIEWS = YES;
				GENERATE_INFOPLIST_FILE = YES;
				INFOPLIST_KEY_LSApplicationCategoryType = "public.app-category.utilities";
				INFOPLIST_KEY_UIApplicationSceneManifest_Generation = YES;
				INFOPLIST_KEY_UIApplicationSupportsIndirectInputEvents = YES;
				INFOPLIST_KEY_UILaunchScreen_Generation = YES;
				INFOPLIST_KEY_UISupportedInterfaceOrientations = UIInterfaceOrientationPortrait;
				IPHONEOS_DEPLOYMENT_TARGET = 15.0;
				LD_RUNPATH_SEARCH_PATHS = (
					"$(inherited)",
					"@executable_path/Frameworks",
				);
				MARKETING_VERSION = 1.0;
				PRODUCT_BUNDLE_IDENTIFIER = "com.yusril.Weather-app";
				PRODUCT_NAME = "$(TARGET_NAME)";
				SWIFT_EMIT_LOC_STRINGS = YES;
				SWIFT_VERSION = 5.0;
				TARGETED_DEVICE_FAMILY = "1,2";
			};
			name = Debug;
		};
		CC8B523429BDFFD7009F8B23 /* Release */ = {
			isa = XCBuildConfiguration;
			buildSettings = {
				ASSETCATALOG_COMPILER_APPICON_NAME = AppIcon;
				ASSETCATALOG_COMPILER_GLOBAL_ACCENT_COLOR_NAME = AccentColor;
				CODE_SIGN_STYLE = Automatic;
				CURRENT_PROJECT_VERSION = 1;
				DEVELOPMENT_ASSET_PATHS = "\"Weather_app/Preview Content\"";
				DEVELOPMENT_TEAM = K7G887M8LC;
				ENABLE_PREVIEWS = YES;
				GENERATE_INFOPLIST_FILE = YES;
				INFOPLIST_KEY_LSApplicationCategoryType = "public.app-category.utilities";
				INFOPLIST_KEY_UIApplicationSceneManifest_Generation = YES;
				INFOPLIST_KEY_UIApplicationSupportsIndirectInputEvents = YES;
				INFOPLIST_KEY_UILaunchScreen_Generation = YES;
				INFOPLIST_KEY_UISupportedInterfaceOrientations = UIInterfaceOrientationPortrait;
				IPHONEOS_DEPLOYMENT_TARGET = 15.0;
				LD_RUNPATH_SEARCH_PATHS = (
					"$(inherited)",
					"@executable_path/Frameworks",
				);
				MARKETING_VERSION = 1.0;
				PRODUCT_BUNDLE_IDENTIFIER = "com.yusril.Weather-app";
				PRODUCT_NAME = "$(TARGET_NAME)";
				SWIFT_EMIT_LOC_STRINGS = YES;
				SWIFT_VERSION = 5.0;
				TARGETED_DEVICE_FAMILY = "1,2";
			};
			name = Release;
		};
/* End XCBuildConfiguration section */

/* Begin XCConfigurationList section */
		CC8B521F29BDFFD4009F8B23 /* Build configuration list for PBXProject "Weather_app" */ = {
			isa = XCConfigurationList;
			buildConfigurations = (
				CC8B523029BDFFD7009F8B23 /* Debug */,
				CC8B523129BDFFD7009F8B23 /* Release */,
			);
			defaultConfigurationIsVisible = 0;
			defaultConfigurationName = Release;
		};
		CC8B523229BDFFD7009F8B23 /* Build configuration list for PBXNativeTarget "Weather_app" */ = {
			isa = XCConfigurationList;
			buildConfigurations = (
				CC8B523329BDFFD7009F8B23 /* Debug */,
				CC8B523429BDFFD7009F8B23 /* Release */,
			);
			defaultConfigurationIsVisible = 0;
			defaultConfigurationName = Release;
		};
/* End XCConfigurationList section */
	};
	rootObject = CC8B521C29BDFFD4009F8B23 /* Project object */;
}
